
Microsoft Visual Studio Solution File, Format Version 12.00
# Visual Studio 15
VisualStudioVersion = 15.0.28307.168
MinimumVisualStudioVersion = 10.0.40219.1
Project("{FAE04EC0-301F-11D3-BF4B-00C04F79EFBC}") = "KargoBarkotCikti", "KargoBarkotCikti\KargoBarkotCikti.csproj", "{98240195-287C-48F1-9E09-3338C68B300B}"
EndProject
Global
	GlobalSection(SolutionConfigurationPlatforms) = preSolution
		Debug|Any CPU = Debug|Any CPU
		Release|Any CPU = Release|Any CPU
	EndGlobalSection
	GlobalSection(ProjectConfigurationPlatforms) = postSolution
		{98240195-287C-48F1-9E09-3338C68B300B}.Debug|Any CPU.ActiveCfg = Debug|Any CPU
		{98240195-287C-48F1-9E09-3338C68B300B}.Debug|Any CPU.Build.0 = Debug|Any CPU
		{98240195-287C-48F1-9E09-3338C68B300B}.Release|Any CPU.ActiveCfg = Release|Any CPU
		{98240195-287C-48F1-9E09-3338C68B300B}.Release|Any CPU.Build.0 = Release|Any CPU
	EndGlobalSection
	GlobalSection(SolutionProperties) = preSolution
		HideSolutionNode = FALSE
	EndGlobalSection
	GlobalSection(ExtensibilityGlobals) = postSolution
		SolutionGuid = {3264466F-1D98-411B-9829-9B391E0B5517}
	EndGlobalSection
EndGlobal
